// !$*UTF8*$!
{
	archiveVersion = 1;
	classes = {
	};
	objectVersion = 52;
	objects = {

/* Begin PBXBuildFile section */
		8681444125FF2E6C0030B16B /* GrapevineApp.swift in Sources */ = {isa = PBXBuildFile; fileRef = 8681444025FF2E6C0030B16B /* GrapevineApp.swift */; };
		8681444325FF2E6C0030B16B /* ContentView.swift in Sources */ = {isa = PBXBuildFile; fileRef = 8681444225FF2E6C0030B16B /* ContentView.swift */; };
		8681444525FF2E6D0030B16B /* Assets.xcassets in Resources */ = {isa = PBXBuildFile; fileRef = 8681444425FF2E6D0030B16B /* Assets.xcassets */; };
		8681444825FF2E6D0030B16B /* Preview Assets.xcassets in Resources */ = {isa = PBXBuildFile; fileRef = 8681444725FF2E6D0030B16B /* Preview Assets.xcassets */; };
		8681445325FF2E6D0030B16B /* GrapevineTests.swift in Sources */ = {isa = PBXBuildFile; fileRef = 8681445225FF2E6D0030B16B /* GrapevineTests.swift */; };
		8681445E25FF2E6D0030B16B /* GrapevineUITests.swift in Sources */ = {isa = PBXBuildFile; fileRef = 8681445D25FF2E6D0030B16B /* GrapevineUITests.swift */; };
		8681446F25FF34610030B16B /* GoogleService-Info.plist in Resources */ = {isa = PBXBuildFile; fileRef = 8681446E25FF34610030B16B /* GoogleService-Info.plist */; };
		8681448E26002ACA0030B16B /* Login.swift in Sources */ = {isa = PBXBuildFile; fileRef = 8681448D26002ACA0030B16B /* Login.swift */; };
		868144B3260039880030B16B /* LoginViewModel.swift in Sources */ = {isa = PBXBuildFile; fileRef = 868144B2260039880030B16B /* LoginViewModel.swift */; };
		868144B826003DAE0030B16B /* Register.swift in Sources */ = {isa = PBXBuildFile; fileRef = 868144B726003DAE0030B16B /* Register.swift */; };
		868144C026003E3D0030B16B /* RegisterViewModel.swift in Sources */ = {isa = PBXBuildFile; fileRef = 868144BF26003E3D0030B16B /* RegisterViewModel.swift */; };
		868144C526003EDC0030B16B /* ImagePicker.swift in Sources */ = {isa = PBXBuildFile; fileRef = 868144C426003EDC0030B16B /* ImagePicker.swift */; };
		868144CA260040DA0030B16B /* UploadImage.swift in Sources */ = {isa = PBXBuildFile; fileRef = 868144C9260040DA0030B16B /* UploadImage.swift */; };
		868144E32600456B0030B16B /* Home.swift in Sources */ = {isa = PBXBuildFile; fileRef = 868144E22600456B0030B16B /* Home.swift */; };
		868144E9260049AE0030B16B /* BuildFile in Frameworks */ = {isa = PBXBuildFile; productRef = 868144E8260049AE0030B16B /* SwiftPackageProductDependency */; };
		868144EE260049E40030B16B /* SettingsView.swift in Sources */ = {isa = PBXBuildFile; fileRef = 868144ED260049E40030B16B /* SettingsView.swift */; };
		868144F3260049FF0030B16B /* CustomTabbar.swift in Sources */ = {isa = PBXBuildFile; fileRef = 868144F2260049FF0030B16B /* CustomTabbar.swift */; };
		868144F826004E220030B16B /* PostView.swift in Sources */ = {isa = PBXBuildFile; fileRef = 868144F726004E220030B16B /* PostView.swift */; };
		8681450026004F8D0030B16B /* SettingsViewModel.swift in Sources */ = {isa = PBXBuildFile; fileRef = 868144FF26004F8D0030B16B /* SettingsViewModel.swift */; };
		8681450526004FB90030B16B /* UserModel.swift in Sources */ = {isa = PBXBuildFile; fileRef = 8681450426004FB90030B16B /* UserModel.swift */; };
		8681450A260053C40030B16B /* AlertView.swift in Sources */ = {isa = PBXBuildFile; fileRef = 86814509260053C40030B16B /* AlertView.swift */; };
		8681450F260055940030B16B /* PostViewModel.swift in Sources */ = {isa = PBXBuildFile; fileRef = 8681450E260055940030B16B /* PostViewModel.swift */; };
		86814514260055D10030B16B /* NewPostModel.swift in Sources */ = {isa = PBXBuildFile; fileRef = 86814513260055D10030B16B /* NewPostModel.swift */; };
		86814519260055FF0030B16B /* PostModel.swift in Sources */ = {isa = PBXBuildFile; fileRef = 86814518260055FF0030B16B /* PostModel.swift */; };
		8681451E2600562D0030B16B /* FetchUser.swift in Sources */ = {isa = PBXBuildFile; fileRef = 8681451D2600562D0030B16B /* FetchUser.swift */; };
		86814523260056480030B16B /* PostRow.swift in Sources */ = {isa = PBXBuildFile; fileRef = 86814522260056480030B16B /* PostRow.swift */; };
		86814528260056520030B16B /* NewPost.swift in Sources */ = {isa = PBXBuildFile; fileRef = 86814527260056520030B16B /* NewPost.swift */; };
		868145402600906C0030B16B /* ITC Avant Garde Gothic Bold.otf in Resources */ = {isa = PBXBuildFile; fileRef = 8681453F2600906C0030B16B /* ITC Avant Garde Gothic Bold.otf */; };
		D822A7C32637A0950093BF33 /* Constants.swift in Sources */ = {isa = PBXBuildFile; fileRef = D822A7B22637A0950093BF33 /* Constants.swift */; };
		D822A7C42637A0950093BF33 /* FullTokenizer.swift in Sources */ = {isa = PBXBuildFile; fileRef = D822A7B52637A0950093BF33 /* FullTokenizer.swift */; };
		D822A7C52637A0950093BF33 /* WordpieceTokenizer.swift in Sources */ = {isa = PBXBuildFile; fileRef = D822A7B62637A0950093BF33 /* WordpieceTokenizer.swift */; };
		D822A7C62637A0950093BF33 /* BasicTokenizer.swift in Sources */ = {isa = PBXBuildFile; fileRef = D822A7B72637A0950093BF33 /* BasicTokenizer.swift */; };
		D822A7C72637A0950093BF33 /* FileLoader.swift in Sources */ = {isa = PBXBuildFile; fileRef = D822A7B82637A0950093BF33 /* FileLoader.swift */; };
		D822A7C82637A0950093BF33 /* Dataset.swift in Sources */ = {isa = PBXBuildFile; fileRef = D822A7B92637A0950093BF33 /* Dataset.swift */; };
		D822A7C92637A0950093BF33 /* BertQAHandler.swift in Sources */ = {isa = PBXBuildFile; fileRef = D822A7BB2637A0950093BF33 /* BertQAHandler.swift */; };
		D822A7CA2637A0950093BF33 /* Result.swift in Sources */ = {isa = PBXBuildFile; fileRef = D822A7BC2637A0950093BF33 /* Result.swift */; };
		D822A7CB2637A0950093BF33 /* InputFeatures.swift in Sources */ = {isa = PBXBuildFile; fileRef = D822A7BD2637A0950093BF33 /* InputFeatures.swift */; };
		D822A7CC2637A0950093BF33 /* ContentData.swift in Sources */ = {isa = PBXBuildFile; fileRef = D822A7BE2637A0950093BF33 /* ContentData.swift */; };
		D822A7CD2637A0950093BF33 /* UnicodeScalarExtension.swift in Sources */ = {isa = PBXBuildFile; fileRef = D822A7C02637A0950093BF33 /* UnicodeScalarExtension.swift */; };
		D822A7CE2637A0950093BF33 /* DataExtension.swift in Sources */ = {isa = PBXBuildFile; fileRef = D822A7C12637A0950093BF33 /* DataExtension.swift */; };
		D822A7CF2637A0950093BF33 /* StringExtension.swift in Sources */ = {isa = PBXBuildFile; fileRef = D822A7C22637A0950093BF33 /* StringExtension.swift */; };
		D8345871266FC9550072329D /* InfoView.swift in Sources */ = {isa = PBXBuildFile; fileRef = D8345870266FC9550072329D /* InfoView.swift */; };
		D899596026656B1B002623E8 /* contents_from_squad_dict_format.json in Resources */ = {isa = PBXBuildFile; fileRef = D899595D26656B1B002623E8 /* contents_from_squad_dict_format.json */; };
		D899596126656B1B002623E8 /* mobilebert_float_20191023.tflite in Resources */ = {isa = PBXBuildFile; fileRef = D899595E26656B1B002623E8 /* mobilebert_float_20191023.tflite */; };
		D899596226656B1B002623E8 /* vocab.txt in Resources */ = {isa = PBXBuildFile; fileRef = D899595F26656B1B002623E8 /* vocab.txt */; };
		D899596526656CB1002623E8 /* LICENSE in Resources */ = {isa = PBXBuildFile; fileRef = D899596426656CB1002623E8 /* LICENSE */; };
		D8995968266571A2002623E8 /* QAHandler.swift in Sources */ = {isa = PBXBuildFile; fileRef = D8995967266571A2002623E8 /* QAHandler.swift */; };
		D8D7A43E2675914200E1C969 /* UserView.swift in Sources */ = {isa = PBXBuildFile; fileRef = D8D7A43D2675914200E1C969 /* UserView.swift */; };
/* End PBXBuildFile section */

/* Begin PBXContainerItemProxy section */
		8681444F25FF2E6D0030B16B /* PBXContainerItemProxy */ = {
			isa = PBXContainerItemProxy;
			containerPortal = 8681443525FF2E6C0030B16B /* Project object */;
			proxyType = 1;
			remoteGlobalIDString = 8681443C25FF2E6C0030B16B;
			remoteInfo = Grapevine;
		};
		8681445A25FF2E6D0030B16B /* PBXContainerItemProxy */ = {
			isa = PBXContainerItemProxy;
			containerPortal = 8681443525FF2E6C0030B16B /* Project object */;
			proxyType = 1;
			remoteGlobalIDString = 8681443C25FF2E6C0030B16B;
			remoteInfo = Grapevine;
		};
/* End PBXContainerItemProxy section */

/* Begin PBXCopyFilesBuildPhase section */
		D899599226683205002623E8 /* Embed App Extensions */ = {
			isa = PBXCopyFilesBuildPhase;
			buildActionMask = 2147483647;
			dstPath = "";
			dstSubfolderSpec = 13;
			files = (
			);
			name = "Embed App Extensions";
			runOnlyForDeploymentPostprocessing = 0;
		};
		D89959B826683660002623E8 /* Embed Frameworks */ = {
			isa = PBXCopyFilesBuildPhase;
			buildActionMask = 2147483647;
			dstPath = "";
			dstSubfolderSpec = 10;
			files = (
			);
			name = "Embed Frameworks";
			runOnlyForDeploymentPostprocessing = 0;
		};
/* End PBXCopyFilesBuildPhase section */

/* Begin PBXFileReference section */
		8681443D25FF2E6C0030B16B /* Grapevine.app */ = {isa = PBXFileReference; explicitFileType = wrapper.application; includeInIndex = 0; path = Grapevine.app; sourceTree = BUILT_PRODUCTS_DIR; };
		8681444025FF2E6C0030B16B /* GrapevineApp.swift */ = {isa = PBXFileReference; lastKnownFileType = sourcecode.swift; path = GrapevineApp.swift; sourceTree = "<group>"; };
		8681444225FF2E6C0030B16B /* ContentView.swift */ = {isa = PBXFileReference; lastKnownFileType = sourcecode.swift; path = ContentView.swift; sourceTree = "<group>"; };
		8681444425FF2E6D0030B16B /* Assets.xcassets */ = {isa = PBXFileReference; lastKnownFileType = folder.assetcatalog; path = Assets.xcassets; sourceTree = "<group>"; };
		8681444725FF2E6D0030B16B /* Preview Assets.xcassets */ = {isa = PBXFileReference; lastKnownFileType = folder.assetcatalog; path = "Preview Assets.xcassets"; sourceTree = "<group>"; };
		8681444925FF2E6D0030B16B /* Info.plist */ = {isa = PBXFileReference; lastKnownFileType = text.plist.xml; path = Info.plist; sourceTree = "<group>"; };
		8681444E25FF2E6D0030B16B /* GrapevineTests.xctest */ = {isa = PBXFileReference; explicitFileType = wrapper.cfbundle; includeInIndex = 0; path = GrapevineTests.xctest; sourceTree = BUILT_PRODUCTS_DIR; };
		8681445225FF2E6D0030B16B /* GrapevineTests.swift */ = {isa = PBXFileReference; lastKnownFileType = sourcecode.swift; path = GrapevineTests.swift; sourceTree = "<group>"; };
		8681445425FF2E6D0030B16B /* Info.plist */ = {isa = PBXFileReference; lastKnownFileType = text.plist.xml; path = Info.plist; sourceTree = "<group>"; };
		8681445925FF2E6D0030B16B /* GrapevineUITests.xctest */ = {isa = PBXFileReference; explicitFileType = wrapper.cfbundle; includeInIndex = 0; path = GrapevineUITests.xctest; sourceTree = BUILT_PRODUCTS_DIR; };
		8681445D25FF2E6D0030B16B /* GrapevineUITests.swift */ = {isa = PBXFileReference; lastKnownFileType = sourcecode.swift; path = GrapevineUITests.swift; sourceTree = "<group>"; };
		8681445F25FF2E6D0030B16B /* Info.plist */ = {isa = PBXFileReference; lastKnownFileType = text.plist.xml; path = Info.plist; sourceTree = "<group>"; };
		8681446E25FF34610030B16B /* GoogleService-Info.plist */ = {isa = PBXFileReference; fileEncoding = 4; lastKnownFileType = text.plist.xml; path = "GoogleService-Info.plist"; sourceTree = "<group>"; };
		8681448D26002ACA0030B16B /* Login.swift */ = {isa = PBXFileReference; lastKnownFileType = sourcecode.swift; path = Login.swift; sourceTree = "<group>"; };
		868144B2260039880030B16B /* LoginViewModel.swift */ = {isa = PBXFileReference; lastKnownFileType = sourcecode.swift; path = LoginViewModel.swift; sourceTree = "<group>"; };
		868144B726003DAE0030B16B /* Register.swift */ = {isa = PBXFileReference; lastKnownFileType = sourcecode.swift; path = Register.swift; sourceTree = "<group>"; };
		868144BF26003E3D0030B16B /* RegisterViewModel.swift */ = {isa = PBXFileReference; lastKnownFileType = sourcecode.swift; path = RegisterViewModel.swift; sourceTree = "<group>"; };
		868144C426003EDC0030B16B /* ImagePicker.swift */ = {isa = PBXFileReference; lastKnownFileType = sourcecode.swift; path = ImagePicker.swift; sourceTree = "<group>"; };
		868144C9260040DA0030B16B /* UploadImage.swift */ = {isa = PBXFileReference; lastKnownFileType = sourcecode.swift; path = UploadImage.swift; sourceTree = "<group>"; };
		868144E22600456B0030B16B /* Home.swift */ = {isa = PBXFileReference; lastKnownFileType = sourcecode.swift; path = Home.swift; sourceTree = "<group>"; };
		868144ED260049E40030B16B /* SettingsView.swift */ = {isa = PBXFileReference; lastKnownFileType = sourcecode.swift; path = SettingsView.swift; sourceTree = "<group>"; };
		868144F2260049FF0030B16B /* CustomTabbar.swift */ = {isa = PBXFileReference; lastKnownFileType = sourcecode.swift; path = CustomTabbar.swift; sourceTree = "<group>"; };
		868144F726004E220030B16B /* PostView.swift */ = {isa = PBXFileReference; lastKnownFileType = sourcecode.swift; path = PostView.swift; sourceTree = "<group>"; };
		868144FF26004F8D0030B16B /* SettingsViewModel.swift */ = {isa = PBXFileReference; lastKnownFileType = sourcecode.swift; path = SettingsViewModel.swift; sourceTree = "<group>"; };
		8681450426004FB90030B16B /* UserModel.swift */ = {isa = PBXFileReference; lastKnownFileType = sourcecode.swift; path = UserModel.swift; sourceTree = "<group>"; };
		86814509260053C40030B16B /* AlertView.swift */ = {isa = PBXFileReference; lastKnownFileType = sourcecode.swift; path = AlertView.swift; sourceTree = "<group>"; };
		8681450E260055940030B16B /* PostViewModel.swift */ = {isa = PBXFileReference; lastKnownFileType = sourcecode.swift; path = PostViewModel.swift; sourceTree = "<group>"; };
		86814513260055D10030B16B /* NewPostModel.swift */ = {isa = PBXFileReference; lastKnownFileType = sourcecode.swift; path = NewPostModel.swift; sourceTree = "<group>"; };
		86814518260055FF0030B16B /* PostModel.swift */ = {isa = PBXFileReference; lastKnownFileType = sourcecode.swift; path = PostModel.swift; sourceTree = "<group>"; };
		8681451D2600562D0030B16B /* FetchUser.swift */ = {isa = PBXFileReference; lastKnownFileType = sourcecode.swift; path = FetchUser.swift; sourceTree = "<group>"; };
		86814522260056480030B16B /* PostRow.swift */ = {isa = PBXFileReference; lastKnownFileType = sourcecode.swift; path = PostRow.swift; sourceTree = "<group>"; };
		86814527260056520030B16B /* NewPost.swift */ = {isa = PBXFileReference; lastKnownFileType = sourcecode.swift; path = NewPost.swift; sourceTree = "<group>"; };
		8681453F2600906C0030B16B /* ITC Avant Garde Gothic Bold.otf */ = {isa = PBXFileReference; lastKnownFileType = file; path = "ITC Avant Garde Gothic Bold.otf"; sourceTree = "<group>"; };
		D822A7B22637A0950093BF33 /* Constants.swift */ = {isa = PBXFileReference; fileEncoding = 4; lastKnownFileType = sourcecode.swift; path = Constants.swift; sourceTree = "<group>"; };
		D822A7B52637A0950093BF33 /* FullTokenizer.swift */ = {isa = PBXFileReference; fileEncoding = 4; lastKnownFileType = sourcecode.swift; path = FullTokenizer.swift; sourceTree = "<group>"; };
		D822A7B62637A0950093BF33 /* WordpieceTokenizer.swift */ = {isa = PBXFileReference; fileEncoding = 4; lastKnownFileType = sourcecode.swift; path = WordpieceTokenizer.swift; sourceTree = "<group>"; };
		D822A7B72637A0950093BF33 /* BasicTokenizer.swift */ = {isa = PBXFileReference; fileEncoding = 4; lastKnownFileType = sourcecode.swift; path = BasicTokenizer.swift; sourceTree = "<group>"; };
		D822A7B82637A0950093BF33 /* FileLoader.swift */ = {isa = PBXFileReference; fileEncoding = 4; lastKnownFileType = sourcecode.swift; path = FileLoader.swift; sourceTree = "<group>"; };
		D822A7B92637A0950093BF33 /* Dataset.swift */ = {isa = PBXFileReference; fileEncoding = 4; lastKnownFileType = sourcecode.swift; path = Dataset.swift; sourceTree = "<group>"; };
		D822A7BB2637A0950093BF33 /* BertQAHandler.swift */ = {isa = PBXFileReference; fileEncoding = 4; lastKnownFileType = sourcecode.swift; path = BertQAHandler.swift; sourceTree = "<group>"; };
		D822A7BC2637A0950093BF33 /* Result.swift */ = {isa = PBXFileReference; fileEncoding = 4; lastKnownFileType = sourcecode.swift; path = Result.swift; sourceTree = "<group>"; };
		D822A7BD2637A0950093BF33 /* InputFeatures.swift */ = {isa = PBXFileReference; fileEncoding = 4; lastKnownFileType = sourcecode.swift; path = InputFeatures.swift; sourceTree = "<group>"; };
		D822A7BE2637A0950093BF33 /* ContentData.swift */ = {isa = PBXFileReference; fileEncoding = 4; lastKnownFileType = sourcecode.swift; path = ContentData.swift; sourceTree = "<group>"; };
		D822A7C02637A0950093BF33 /* UnicodeScalarExtension.swift */ = {isa = PBXFileReference; fileEncoding = 4; lastKnownFileType = sourcecode.swift; path = UnicodeScalarExtension.swift; sourceTree = "<group>"; };
		D822A7C12637A0950093BF33 /* DataExtension.swift */ = {isa = PBXFileReference; fileEncoding = 4; lastKnownFileType = sourcecode.swift; path = DataExtension.swift; sourceTree = "<group>"; };
		D822A7C22637A0950093BF33 /* StringExtension.swift */ = {isa = PBXFileReference; fileEncoding = 4; lastKnownFileType = sourcecode.swift; path = StringExtension.swift; sourceTree = "<group>"; };
		D8345870266FC9550072329D /* InfoView.swift */ = {isa = PBXFileReference; lastKnownFileType = sourcecode.swift; path = InfoView.swift; sourceTree = "<group>"; };
		D899595D26656B1B002623E8 /* contents_from_squad_dict_format.json */ = {isa = PBXFileReference; fileEncoding = 4; lastKnownFileType = text.json; path = contents_from_squad_dict_format.json; sourceTree = "<group>"; };
		D899595E26656B1B002623E8 /* mobilebert_float_20191023.tflite */ = {isa = PBXFileReference; lastKnownFileType = file; path = mobilebert_float_20191023.tflite; sourceTree = "<group>"; };
		D899595F26656B1B002623E8 /* vocab.txt */ = {isa = PBXFileReference; fileEncoding = 4; lastKnownFileType = text; path = vocab.txt; sourceTree = "<group>"; };
		D899596426656CB1002623E8 /* LICENSE */ = {isa = PBXFileReference; fileEncoding = 4; lastKnownFileType = text; path = LICENSE; sourceTree = "<group>"; };
		D8995967266571A2002623E8 /* QAHandler.swift */ = {isa = PBXFileReference; lastKnownFileType = sourcecode.swift; path = QAHandler.swift; sourceTree = "<group>"; };
		D899596C26683139002623E8 /* Grapevine.entitlements */ = {isa = PBXFileReference; lastKnownFileType = text.plist.entitlements; path = Grapevine.entitlements; sourceTree = "<group>"; };
		D899597226683205002623E8 /* Intents.framework */ = {isa = PBXFileReference; lastKnownFileType = wrapper.framework; name = Intents.framework; path = System/Library/Frameworks/Intents.framework; sourceTree = SDKROOT; };
		D899597D26683205002623E8 /* IntentsUI.framework */ = {isa = PBXFileReference; lastKnownFileType = wrapper.framework; name = IntentsUI.framework; path = System/Library/Frameworks/IntentsUI.framework; sourceTree = SDKROOT; };
		D8D7A43D2675914200E1C969 /* UserView.swift */ = {isa = PBXFileReference; lastKnownFileType = sourcecode.swift; path = UserView.swift; sourceTree = "<group>"; };
/* End PBXFileReference section */

/* Begin PBXFrameworksBuildPhase section */
		8681443A25FF2E6C0030B16B /* Frameworks */ = {
			isa = PBXFrameworksBuildPhase;
			buildActionMask = 2147483647;
			files = (
				868144E9260049AE0030B16B /* BuildFile in Frameworks */,
			);
			runOnlyForDeploymentPostprocessing = 0;
		};
		8681444B25FF2E6D0030B16B /* Frameworks */ = {
			isa = PBXFrameworksBuildPhase;
			buildActionMask = 2147483647;
			files = (
			);
			runOnlyForDeploymentPostprocessing = 0;
		};
		8681445625FF2E6D0030B16B /* Frameworks */ = {
			isa = PBXFrameworksBuildPhase;
			buildActionMask = 2147483647;
			files = (
			);
			runOnlyForDeploymentPostprocessing = 0;
		};
/* End PBXFrameworksBuildPhase section */

/* Begin PBXGroup section */
		8681443425FF2E6C0030B16B = {
			isa = PBXGroup;
			children = (
				8681443F25FF2E6C0030B16B /* Grapevine */,
				8681445125FF2E6D0030B16B /* GrapevineTests */,
				8681445C25FF2E6D0030B16B /* GrapevineUITests */,
				8681443E25FF2E6C0030B16B /* Products */,
				9CFE2DAEBCDF1E3170400645 /* Pods */,
				A45B1B9E340CFD7DE6372EF3 /* Frameworks */,
			);
			sourceTree = "<group>";
		};
		8681443E25FF2E6C0030B16B /* Products */ = {
			isa = PBXGroup;
			children = (
				8681443D25FF2E6C0030B16B /* Grapevine.app */,
				8681444E25FF2E6D0030B16B /* GrapevineTests.xctest */,
				8681445925FF2E6D0030B16B /* GrapevineUITests.xctest */,
			);
			name = Products;
			sourceTree = "<group>";
		};
		8681443F25FF2E6C0030B16B /* Grapevine */ = {
			isa = PBXGroup;
			children = (
				D899596C26683139002623E8 /* Grapevine.entitlements */,
				D822A7A326379ACB0093BF33 /* AI */,
				8681448C260021EF0030B16B /* ViewModel */,
				8681448B260021E00030B16B /* View */,
				8681448A260021C60030B16B /* Model */,
				8681446E25FF34610030B16B /* GoogleService-Info.plist */,
				8681444025FF2E6C0030B16B /* GrapevineApp.swift */,
				8681444225FF2E6C0030B16B /* ContentView.swift */,
				8681444425FF2E6D0030B16B /* Assets.xcassets */,
				8681453F2600906C0030B16B /* ITC Avant Garde Gothic Bold.otf */,
				8681444925FF2E6D0030B16B /* Info.plist */,
				8681444625FF2E6D0030B16B /* Preview Content */,
			);
			path = Grapevine;
			sourceTree = "<group>";
		};
		8681444625FF2E6D0030B16B /* Preview Content */ = {
			isa = PBXGroup;
			children = (
				8681444725FF2E6D0030B16B /* Preview Assets.xcassets */,
			);
			path = "Preview Content";
			sourceTree = "<group>";
		};
		8681445125FF2E6D0030B16B /* GrapevineTests */ = {
			isa = PBXGroup;
			children = (
				8681445225FF2E6D0030B16B /* GrapevineTests.swift */,
				8681445425FF2E6D0030B16B /* Info.plist */,
			);
			path = GrapevineTests;
			sourceTree = "<group>";
		};
		8681445C25FF2E6D0030B16B /* GrapevineUITests */ = {
			isa = PBXGroup;
			children = (
				8681445D25FF2E6D0030B16B /* GrapevineUITests.swift */,
				8681445F25FF2E6D0030B16B /* Info.plist */,
			);
			path = GrapevineUITests;
			sourceTree = "<group>";
		};
		8681448A260021C60030B16B /* Model */ = {
			isa = PBXGroup;
			children = (
				868144C9260040DA0030B16B /* UploadImage.swift */,
				8681450426004FB90030B16B /* UserModel.swift */,
				86814509260053C40030B16B /* AlertView.swift */,
				86814518260055FF0030B16B /* PostModel.swift */,
				8681451D2600562D0030B16B /* FetchUser.swift */,
			);
			path = Model;
			sourceTree = "<group>";
		};
		8681448B260021E00030B16B /* View */ = {
			isa = PBXGroup;
			children = (
				8681448D26002ACA0030B16B /* Login.swift */,
				868144B726003DAE0030B16B /* Register.swift */,
				868144C426003EDC0030B16B /* ImagePicker.swift */,
				868144E22600456B0030B16B /* Home.swift */,
				868144F726004E220030B16B /* PostView.swift */,
				868144ED260049E40030B16B /* SettingsView.swift */,
				868144F2260049FF0030B16B /* CustomTabbar.swift */,
				86814522260056480030B16B /* PostRow.swift */,
				86814527260056520030B16B /* NewPost.swift */,
				D8345870266FC9550072329D /* InfoView.swift */,
				D8D7A43D2675914200E1C969 /* UserView.swift */,
			);
			path = View;
			sourceTree = "<group>";
		};
		8681448C260021EF0030B16B /* ViewModel */ = {
			isa = PBXGroup;
			children = (
				868144B2260039880030B16B /* LoginViewModel.swift */,
				868144BF26003E3D0030B16B /* RegisterViewModel.swift */,
				868144FF26004F8D0030B16B /* SettingsViewModel.swift */,
				8681450E260055940030B16B /* PostViewModel.swift */,
				86814513260055D10030B16B /* NewPostModel.swift */,
			);
			path = ViewModel;
			sourceTree = "<group>";
		};
		9CFE2DAEBCDF1E3170400645 /* Pods */ = {
			isa = PBXGroup;
			children = (
			);
			path = Pods;
			sourceTree = "<group>";
		};
		A45B1B9E340CFD7DE6372EF3 /* Frameworks */ = {
			isa = PBXGroup;
			children = (
				D899597226683205002623E8 /* Intents.framework */,
				D899597D26683205002623E8 /* IntentsUI.framework */,
			);
			name = Frameworks;
			sourceTree = "<group>";
		};
		D822A7A326379ACB0093BF33 /* AI */ = {
			isa = PBXGroup;
			children = (
				D89959662665717F002623E8 /* QA */,
				D822A7B22637A0950093BF33 /* Constants.swift */,
			);
			path = AI;
			sourceTree = "<group>";
		};
		D822A7B12637A0950093BF33 /* BertQACore */ = {
			isa = PBXGroup;
			children = (
				D899596426656CB1002623E8 /* LICENSE */,
				D899595C26656B1B002623E8 /* Resources */,
				D822A7B32637A0950093BF33 /* Models */,
				D822A7BF2637A0950093BF33 /* Extensions */,
			);
			path = BertQACore;
			sourceTree = "<group>";
		};
		D822A7B32637A0950093BF33 /* Models */ = {
			isa = PBXGroup;
			children = (
				D822A7B82637A0950093BF33 /* FileLoader.swift */,
				D822A7B92637A0950093BF33 /* Dataset.swift */,
				D822A7B42637A0950093BF33 /* Tokenizers */,
				D822A7BA2637A0950093BF33 /* ML */,
			);
			path = Models;
			sourceTree = "<group>";
		};
		D822A7B42637A0950093BF33 /* Tokenizers */ = {
			isa = PBXGroup;
			children = (
				D822A7B52637A0950093BF33 /* FullTokenizer.swift */,
				D822A7B62637A0950093BF33 /* WordpieceTokenizer.swift */,
				D822A7B72637A0950093BF33 /* BasicTokenizer.swift */,
			);
			path = Tokenizers;
			sourceTree = "<group>";
		};
		D822A7BA2637A0950093BF33 /* ML */ = {
			isa = PBXGroup;
			children = (
				D822A7BB2637A0950093BF33 /* BertQAHandler.swift */,
				D822A7BC2637A0950093BF33 /* Result.swift */,
				D822A7BD2637A0950093BF33 /* InputFeatures.swift */,
				D822A7BE2637A0950093BF33 /* ContentData.swift */,
			);
			path = ML;
			sourceTree = "<group>";
		};
		D822A7BF2637A0950093BF33 /* Extensions */ = {
			isa = PBXGroup;
			children = (
				D822A7C02637A0950093BF33 /* UnicodeScalarExtension.swift */,
				D822A7C12637A0950093BF33 /* DataExtension.swift */,
				D822A7C22637A0950093BF33 /* StringExtension.swift */,
			);
			path = Extensions;
			sourceTree = "<group>";
		};
		D899595C26656B1B002623E8 /* Resources */ = {
			isa = PBXGroup;
			children = (
				D899595D26656B1B002623E8 /* contents_from_squad_dict_format.json */,
				D899595E26656B1B002623E8 /* mobilebert_float_20191023.tflite */,
				D899595F26656B1B002623E8 /* vocab.txt */,
			);
			path = Resources;
			sourceTree = "<group>";
		};
		D89959662665717F002623E8 /* QA */ = {
			isa = PBXGroup;
			children = (
				D822A7B12637A0950093BF33 /* BertQACore */,
				D8995967266571A2002623E8 /* QAHandler.swift */,
			);
			path = QA;
			sourceTree = "<group>";
		};
/* End PBXGroup section */

/* Begin PBXNativeTarget section */
		8681443C25FF2E6C0030B16B /* Grapevine */ = {
			isa = PBXNativeTarget;
			buildConfigurationList = 8681446225FF2E6D0030B16B /* Build configuration list for PBXNativeTarget "Grapevine" */;
			buildPhases = (
				8681443925FF2E6C0030B16B /* Sources */,
				8681443A25FF2E6C0030B16B /* Frameworks */,
				8681443B25FF2E6C0030B16B /* Resources */,
				D899599226683205002623E8 /* Embed App Extensions */,
				D89959B826683660002623E8 /* Embed Frameworks */,
			);
			buildRules = (
			);
			dependencies = (
			);
			name = Grapevine;
			packageProductDependencies = (
				868144E8260049AE0030B16B /* SwiftPackageProductDependency */,
			);
			productName = Grapevine;
			productReference = 8681443D25FF2E6C0030B16B /* Grapevine.app */;
			productType = "com.apple.product-type.application";
		};
		8681444D25FF2E6D0030B16B /* GrapevineTests */ = {
			isa = PBXNativeTarget;
			buildConfigurationList = 8681446525FF2E6D0030B16B /* Build configuration list for PBXNativeTarget "GrapevineTests" */;
			buildPhases = (
				8681444A25FF2E6D0030B16B /* Sources */,
				8681444B25FF2E6D0030B16B /* Frameworks */,
				8681444C25FF2E6D0030B16B /* Resources */,
			);
			buildRules = (
			);
			dependencies = (
				8681445025FF2E6D0030B16B /* PBXTargetDependency */,
			);
			name = GrapevineTests;
			productName = GrapevineTests;
			productReference = 8681444E25FF2E6D0030B16B /* GrapevineTests.xctest */;
			productType = "com.apple.product-type.bundle.unit-test";
		};
		8681445825FF2E6D0030B16B /* GrapevineUITests */ = {
			isa = PBXNativeTarget;
			buildConfigurationList = 8681446825FF2E6D0030B16B /* Build configuration list for PBXNativeTarget "GrapevineUITests" */;
			buildPhases = (
				8681445525FF2E6D0030B16B /* Sources */,
				8681445625FF2E6D0030B16B /* Frameworks */,
				8681445725FF2E6D0030B16B /* Resources */,
			);
			buildRules = (
			);
			dependencies = (
				8681445B25FF2E6D0030B16B /* PBXTargetDependency */,
			);
			name = GrapevineUITests;
			productName = GrapevineUITests;
			productReference = 8681445925FF2E6D0030B16B /* GrapevineUITests.xctest */;
			productType = "com.apple.product-type.bundle.ui-testing";
		};
/* End PBXNativeTarget section */

/* Begin PBXProject section */
		8681443525FF2E6C0030B16B /* Project object */ = {
			isa = PBXProject;
			attributes = {
				LastSwiftUpdateCheck = 1250;
				LastUpgradeCheck = 1240;
				TargetAttributes = {
					8681443C25FF2E6C0030B16B = {
						CreatedOnToolsVersion = 12.4;
					};
					8681444D25FF2E6D0030B16B = {
						CreatedOnToolsVersion = 12.4;
						TestTargetID = 8681443C25FF2E6C0030B16B;
					};
					8681445825FF2E6D0030B16B = {
						CreatedOnToolsVersion = 12.4;
						TestTargetID = 8681443C25FF2E6C0030B16B;
					};
				};
			};
			buildConfigurationList = 8681443825FF2E6C0030B16B /* Build configuration list for PBXProject "Grapevine" */;
			compatibilityVersion = "Xcode 9.3";
			developmentRegion = en;
			hasScannedForEncodings = 0;
			knownRegions = (
				en,
				Base,
			);
			mainGroup = 8681443425FF2E6C0030B16B;
			packageReferences = (
				868144E7260049AE0030B16B /* RemoteSwiftPackageReference */,
			);
			productRefGroup = 8681443E25FF2E6C0030B16B /* Products */;
			projectDirPath = "";
			projectRoot = "";
			targets = (
				8681443C25FF2E6C0030B16B /* Grapevine */,
				8681444D25FF2E6D0030B16B /* GrapevineTests */,
				8681445825FF2E6D0030B16B /* GrapevineUITests */,
			);
		};
/* End PBXProject section */

/* Begin PBXResourcesBuildPhase section */
		8681443B25FF2E6C0030B16B /* Resources */ = {
			isa = PBXResourcesBuildPhase;
			buildActionMask = 2147483647;
			files = (
				D899596026656B1B002623E8 /* contents_from_squad_dict_format.json in Resources */,
				8681444825FF2E6D0030B16B /* Preview Assets.xcassets in Resources */,
				D899596526656CB1002623E8 /* LICENSE in Resources */,
				868145402600906C0030B16B /* ITC Avant Garde Gothic Bold.otf in Resources */,
				8681444525FF2E6D0030B16B /* Assets.xcassets in Resources */,
				D899596126656B1B002623E8 /* mobilebert_float_20191023.tflite in Resources */,
				D899596226656B1B002623E8 /* vocab.txt in Resources */,
				8681446F25FF34610030B16B /* GoogleService-Info.plist in Resources */,
			);
			runOnlyForDeploymentPostprocessing = 0;
		};
		8681444C25FF2E6D0030B16B /* Resources */ = {
			isa = PBXResourcesBuildPhase;
			buildActionMask = 2147483647;
			files = (
			);
			runOnlyForDeploymentPostprocessing = 0;
		};
		8681445725FF2E6D0030B16B /* Resources */ = {
			isa = PBXResourcesBuildPhase;
			buildActionMask = 2147483647;
			files = (
			);
			runOnlyForDeploymentPostprocessing = 0;
		};
/* End PBXResourcesBuildPhase section */

/* Begin PBXSourcesBuildPhase section */
		8681443925FF2E6C0030B16B /* Sources */ = {
			isa = PBXSourcesBuildPhase;
			buildActionMask = 2147483647;
			files = (
				86814514260055D10030B16B /* NewPostModel.swift in Sources */,
				D8995968266571A2002623E8 /* QAHandler.swift in Sources */,
				D822A7C72637A0950093BF33 /* FileLoader.swift in Sources */,
				86814519260055FF0030B16B /* PostModel.swift in Sources */,
				D822A7CE2637A0950093BF33 /* DataExtension.swift in Sources */,
				D8345871266FC9550072329D /* InfoView.swift in Sources */,
				86814523260056480030B16B /* PostRow.swift in Sources */,
				8681450F260055940030B16B /* PostViewModel.swift in Sources */,
				D8D7A43E2675914200E1C969 /* UserView.swift in Sources */,
				86814528260056520030B16B /* NewPost.swift in Sources */,
				868144B3260039880030B16B /* LoginViewModel.swift in Sources */,
				868144C026003E3D0030B16B /* RegisterViewModel.swift in Sources */,
				8681448E26002ACA0030B16B /* Login.swift in Sources */,
				868144C526003EDC0030B16B /* ImagePicker.swift in Sources */,
				868144E32600456B0030B16B /* Home.swift in Sources */,
				8681451E2600562D0030B16B /* FetchUser.swift in Sources */,
				8681450A260053C40030B16B /* AlertView.swift in Sources */,
				868144EE260049E40030B16B /* SettingsView.swift in Sources */,
				868144CA260040DA0030B16B /* UploadImage.swift in Sources */,
				8681444325FF2E6C0030B16B /* ContentView.swift in Sources */,
				D822A7C42637A0950093BF33 /* FullTokenizer.swift in Sources */,
				8681450526004FB90030B16B /* UserModel.swift in Sources */,
				8681450026004F8D0030B16B /* SettingsViewModel.swift in Sources */,
				D822A7C92637A0950093BF33 /* BertQAHandler.swift in Sources */,
				D822A7C52637A0950093BF33 /* WordpieceTokenizer.swift in Sources */,
				D822A7CC2637A0950093BF33 /* ContentData.swift in Sources */,
				D822A7CA2637A0950093BF33 /* Result.swift in Sources */,
				8681444125FF2E6C0030B16B /* GrapevineApp.swift in Sources */,
				D822A7C82637A0950093BF33 /* Dataset.swift in Sources */,
				868144B826003DAE0030B16B /* Register.swift in Sources */,
				868144F826004E220030B16B /* PostView.swift in Sources */,
				868144F3260049FF0030B16B /* CustomTabbar.swift in Sources */,
				D822A7CB2637A0950093BF33 /* InputFeatures.swift in Sources */,
				D822A7CF2637A0950093BF33 /* StringExtension.swift in Sources */,
				D822A7CD2637A0950093BF33 /* UnicodeScalarExtension.swift in Sources */,
				D822A7C32637A0950093BF33 /* Constants.swift in Sources */,
				D822A7C62637A0950093BF33 /* BasicTokenizer.swift in Sources */,
			);
			runOnlyForDeploymentPostprocessing = 0;
		};
		8681444A25FF2E6D0030B16B /* Sources */ = {
			isa = PBXSourcesBuildPhase;
			buildActionMask = 2147483647;
			files = (
				8681445325FF2E6D0030B16B /* GrapevineTests.swift in Sources */,
			);
			runOnlyForDeploymentPostprocessing = 0;
		};
		8681445525FF2E6D0030B16B /* Sources */ = {
			isa = PBXSourcesBuildPhase;
			buildActionMask = 2147483647;
			files = (
				8681445E25FF2E6D0030B16B /* GrapevineUITests.swift in Sources */,
			);
			runOnlyForDeploymentPostprocessing = 0;
		};
/* End PBXSourcesBuildPhase section */

/* Begin PBXTargetDependency section */
		8681445025FF2E6D0030B16B /* PBXTargetDependency */ = {
			isa = PBXTargetDependency;
			target = 8681443C25FF2E6C0030B16B /* Grapevine */;
			targetProxy = 8681444F25FF2E6D0030B16B /* PBXContainerItemProxy */;
		};
		8681445B25FF2E6D0030B16B /* PBXTargetDependency */ = {
			isa = PBXTargetDependency;
			target = 8681443C25FF2E6C0030B16B /* Grapevine */;
			targetProxy = 8681445A25FF2E6D0030B16B /* PBXContainerItemProxy */;
		};
/* End PBXTargetDependency section */

/* Begin XCBuildConfiguration section */
		8681446025FF2E6D0030B16B /* Debug */ = {
			isa = XCBuildConfiguration;
			buildSettings = {
				ALWAYS_SEARCH_USER_PATHS = NO;
				CLANG_ANALYZER_NONNULL = YES;
				CLANG_ANALYZER_NUMBER_OBJECT_CONVERSION = YES_AGGRESSIVE;
				CLANG_CXX_LANGUAGE_STANDARD = "gnu++14";
				CLANG_CXX_LIBRARY = "libc++";
				CLANG_ENABLE_MODULES = YES;
				CLANG_ENABLE_OBJC_ARC = YES;
				CLANG_ENABLE_OBJC_WEAK = YES;
				CLANG_WARN_BLOCK_CAPTURE_AUTORELEASING = YES;
				CLANG_WARN_BOOL_CONVERSION = YES;
				CLANG_WARN_COMMA = YES;
				CLANG_WARN_CONSTANT_CONVERSION = YES;
				CLANG_WARN_DEPRECATED_OBJC_IMPLEMENTATIONS = YES;
				CLANG_WARN_DIRECT_OBJC_ISA_USAGE = YES_ERROR;
				CLANG_WARN_DOCUMENTATION_COMMENTS = YES;
				CLANG_WARN_EMPTY_BODY = YES;
				CLANG_WARN_ENUM_CONVERSION = YES;
				CLANG_WARN_INFINITE_RECURSION = YES;
				CLANG_WARN_INT_CONVERSION = YES;
				CLANG_WARN_NON_LITERAL_NULL_CONVERSION = YES;
				CLANG_WARN_OBJC_IMPLICIT_RETAIN_SELF = YES;
				CLANG_WARN_OBJC_LITERAL_CONVERSION = YES;
				CLANG_WARN_OBJC_ROOT_CLASS = YES_ERROR;
				CLANG_WARN_QUOTED_INCLUDE_IN_FRAMEWORK_HEADER = YES;
				CLANG_WARN_RANGE_LOOP_ANALYSIS = YES;
				CLANG_WARN_STRICT_PROTOTYPES = YES;
				CLANG_WARN_SUSPICIOUS_MOVE = YES;
				CLANG_WARN_UNGUARDED_AVAILABILITY = YES_AGGRESSIVE;
				CLANG_WARN_UNREACHABLE_CODE = YES;
				CLANG_WARN__DUPLICATE_METHOD_MATCH = YES;
				COPY_PHASE_STRIP = NO;
				DEBUG_INFORMATION_FORMAT = dwarf;
				ENABLE_STRICT_OBJC_MSGSEND = YES;
				ENABLE_TESTABILITY = YES;
				GCC_C_LANGUAGE_STANDARD = gnu11;
				GCC_DYNAMIC_NO_PIC = NO;
				GCC_NO_COMMON_BLOCKS = YES;
				GCC_OPTIMIZATION_LEVEL = 0;
				GCC_PREPROCESSOR_DEFINITIONS = (
					"DEBUG=1",
					"$(inherited)",
				);
				GCC_WARN_64_TO_32_BIT_CONVERSION = YES;
				GCC_WARN_ABOUT_RETURN_TYPE = YES_ERROR;
				GCC_WARN_UNDECLARED_SELECTOR = YES;
				GCC_WARN_UNINITIALIZED_AUTOS = YES_AGGRESSIVE;
				GCC_WARN_UNUSED_FUNCTION = YES;
				GCC_WARN_UNUSED_VARIABLE = YES;
				IPHONEOS_DEPLOYMENT_TARGET = 14.4;
				MTL_ENABLE_DEBUG_INFO = INCLUDE_SOURCE;
				MTL_FAST_MATH = YES;
				ONLY_ACTIVE_ARCH = YES;
				SDKROOT = iphoneos;
				SWIFT_ACTIVE_COMPILATION_CONDITIONS = DEBUG;
				SWIFT_OPTIMIZATION_LEVEL = "-Onone";
			};
			name = Debug;
		};
		8681446125FF2E6D0030B16B /* Release */ = {
			isa = XCBuildConfiguration;
			buildSettings = {
				ALWAYS_SEARCH_USER_PATHS = NO;
				CLANG_ANALYZER_NONNULL = YES;
				CLANG_ANALYZER_NUMBER_OBJECT_CONVERSION = YES_AGGRESSIVE;
				CLANG_CXX_LANGUAGE_STANDARD = "gnu++14";
				CLANG_CXX_LIBRARY = "libc++";
				CLANG_ENABLE_MODULES = YES;
				CLANG_ENABLE_OBJC_ARC = YES;
				CLANG_ENABLE_OBJC_WEAK = YES;
				CLANG_WARN_BLOCK_CAPTURE_AUTORELEASING = YES;
				CLANG_WARN_BOOL_CONVERSION = YES;
				CLANG_WARN_COMMA = YES;
				CLANG_WARN_CONSTANT_CONVERSION = YES;
				CLANG_WARN_DEPRECATED_OBJC_IMPLEMENTATIONS = YES;
				CLANG_WARN_DIRECT_OBJC_ISA_USAGE = YES_ERROR;
				CLANG_WARN_DOCUMENTATION_COMMENTS = YES;
				CLANG_WARN_EMPTY_BODY = YES;
				CLANG_WARN_ENUM_CONVERSION = YES;
				CLANG_WARN_INFINITE_RECURSION = YES;
				CLANG_WARN_INT_CONVERSION = YES;
				CLANG_WARN_NON_LITERAL_NULL_CONVERSION = YES;
				CLANG_WARN_OBJC_IMPLICIT_RETAIN_SELF = YES;
				CLANG_WARN_OBJC_LITERAL_CONVERSION = YES;
				CLANG_WARN_OBJC_ROOT_CLASS = YES_ERROR;
				CLANG_WARN_QUOTED_INCLUDE_IN_FRAMEWORK_HEADER = YES;
				CLANG_WARN_RANGE_LOOP_ANALYSIS = YES;
				CLANG_WARN_STRICT_PROTOTYPES = YES;
				CLANG_WARN_SUSPICIOUS_MOVE = YES;
				CLANG_WARN_UNGUARDED_AVAILABILITY = YES_AGGRESSIVE;
				CLANG_WARN_UNREACHABLE_CODE = YES;
				CLANG_WARN__DUPLICATE_METHOD_MATCH = YES;
				COPY_PHASE_STRIP = NO;
				DEBUG_INFORMATION_FORMAT = "dwarf-with-dsym";
				ENABLE_NS_ASSERTIONS = NO;
				ENABLE_STRICT_OBJC_MSGSEND = YES;
				GCC_C_LANGUAGE_STANDARD = gnu11;
				GCC_NO_COMMON_BLOCKS = YES;
				GCC_WARN_64_TO_32_BIT_CONVERSION = YES;
				GCC_WARN_ABOUT_RETURN_TYPE = YES_ERROR;
				GCC_WARN_UNDECLARED_SELECTOR = YES;
				GCC_WARN_UNINITIALIZED_AUTOS = YES_AGGRESSIVE;
				GCC_WARN_UNUSED_FUNCTION = YES;
				GCC_WARN_UNUSED_VARIABLE = YES;
				IPHONEOS_DEPLOYMENT_TARGET = 14.4;
				MTL_ENABLE_DEBUG_INFO = NO;
				MTL_FAST_MATH = YES;
				SDKROOT = iphoneos;
				SWIFT_COMPILATION_MODE = wholemodule;
				SWIFT_OPTIMIZATION_LEVEL = "-O";
				VALIDATE_PRODUCT = YES;
			};
			name = Release;
		};
		8681446325FF2E6D0030B16B /* Debug */ = {
			isa = XCBuildConfiguration;
			buildSettings = {
				ASSETCATALOG_COMPILER_APPICON_NAME = AppIcon;
				ASSETCATALOG_COMPILER_GLOBAL_ACCENT_COLOR_NAME = AccentColor;
				CODE_SIGN_ENTITLEMENTS = Grapevine/Grapevine.entitlements;
				CODE_SIGN_STYLE = Automatic;
				DEVELOPMENT_ASSET_PATHS = "\"Grapevine/Preview Content\"";
				ENABLE_PREVIEWS = YES;
				INFOPLIST_FILE = Grapevine/Info.plist;
				IPHONEOS_DEPLOYMENT_TARGET = 14.0;
				LD_RUNPATH_SEARCH_PATHS = (
					"$(inherited)",
					"@executable_path/Frameworks",
				);
				PRODUCT_BUNDLE_IDENTIFIER = com.Jerry.Grapevine;
				PRODUCT_NAME = "$(TARGET_NAME)";
				SWIFT_VERSION = 5.0;
				TARGETED_DEVICE_FAMILY = "1,2";
			};
			name = Debug;
		};
		8681446425FF2E6D0030B16B /* Release */ = {
			isa = XCBuildConfiguration;
			buildSettings = {
				ASSETCATALOG_COMPILER_APPICON_NAME = AppIcon;
				ASSETCATALOG_COMPILER_GLOBAL_ACCENT_COLOR_NAME = AccentColor;
				CODE_SIGN_ENTITLEMENTS = Grapevine/Grapevine.entitlements;
				CODE_SIGN_STYLE = Automatic;
				DEVELOPMENT_ASSET_PATHS = "\"Grapevine/Preview Content\"";
				ENABLE_PREVIEWS = YES;
				INFOPLIST_FILE = Grapevine/Info.plist;
				IPHONEOS_DEPLOYMENT_TARGET = 14.0;
				LD_RUNPATH_SEARCH_PATHS = (
					"$(inherited)",
					"@executable_path/Frameworks",
				);
				PRODUCT_BUNDLE_IDENTIFIER = com.Jerry.Grapevine;
				PRODUCT_NAME = "$(TARGET_NAME)";
				SWIFT_VERSION = 5.0;
				TARGETED_DEVICE_FAMILY = "1,2";
			};
			name = Release;
		};
		8681446625FF2E6D0030B16B /* Debug */ = {
			isa = XCBuildConfiguration;
			buildSettings = {
				ALWAYS_EMBED_SWIFT_STANDARD_LIBRARIES = YES;
				BUNDLE_LOADER = "$(TEST_HOST)";
				CODE_SIGN_STYLE = Automatic;
				INFOPLIST_FILE = GrapevineTests/Info.plist;
				IPHONEOS_DEPLOYMENT_TARGET = 14.0;
				LD_RUNPATH_SEARCH_PATHS = (
					"$(inherited)",
					"@executable_path/Frameworks",
					"@loader_path/Frameworks",
				);
				PRODUCT_BUNDLE_IDENTIFIER = Grapevine.GrapevineTests;
				PRODUCT_NAME = "$(TARGET_NAME)";
				SWIFT_VERSION = 5.0;
				TARGETED_DEVICE_FAMILY = "1,2";
				TEST_HOST = "$(BUILT_PRODUCTS_DIR)/Grapevine.app/Grapevine";
			};
			name = Debug;
		};
		8681446725FF2E6D0030B16B /* Release */ = {
			isa = XCBuildConfiguration;
			buildSettings = {
				ALWAYS_EMBED_SWIFT_STANDARD_LIBRARIES = YES;
				BUNDLE_LOADER = "$(TEST_HOST)";
				CODE_SIGN_STYLE = Automatic;
				INFOPLIST_FILE = GrapevineTests/Info.plist;
				IPHONEOS_DEPLOYMENT_TARGET = 14.0;
				LD_RUNPATH_SEARCH_PATHS = (
					"$(inherited)",
					"@executable_path/Frameworks",
					"@loader_path/Frameworks",
				);
				PRODUCT_BUNDLE_IDENTIFIER = Grapevine.GrapevineTests;
				PRODUCT_NAME = "$(TARGET_NAME)";
				SWIFT_VERSION = 5.0;
				TARGETED_DEVICE_FAMILY = "1,2";
				TEST_HOST = "$(BUILT_PRODUCTS_DIR)/Grapevine.app/Grapevine";
			};
			name = Release;
		};
		8681446925FF2E6D0030B16B /* Debug */ = {
			isa = XCBuildConfiguration;
			buildSettings = {
				ALWAYS_EMBED_SWIFT_STANDARD_LIBRARIES = YES;
				CODE_SIGN_STYLE = Automatic;
				INFOPLIST_FILE = GrapevineUITests/Info.plist;
				LD_RUNPATH_SEARCH_PATHS = (
					"$(inherited)",
					"@executable_path/Frameworks",
					"@loader_path/Frameworks",
				);
				PRODUCT_BUNDLE_IDENTIFIER = Grapevine.GrapevineUITests;
				PRODUCT_NAME = "$(TARGET_NAME)";
				SWIFT_VERSION = 5.0;
				TARGETED_DEVICE_FAMILY = "1,2";
				TEST_TARGET_NAME = Grapevine;
			};
			name = Debug;
		};
		8681446A25FF2E6D0030B16B /* Release */ = {
			isa = XCBuildConfiguration;
			buildSettings = {
				ALWAYS_EMBED_SWIFT_STANDARD_LIBRARIES = YES;
				CODE_SIGN_STYLE = Automatic;
				INFOPLIST_FILE = GrapevineUITests/Info.plist;
				LD_RUNPATH_SEARCH_PATHS = (
					"$(inherited)",
					"@executable_path/Frameworks",
					"@loader_path/Frameworks",
				);
				PRODUCT_BUNDLE_IDENTIFIER = Grapevine.GrapevineUITests;
				PRODUCT_NAME = "$(TARGET_NAME)";
				SWIFT_VERSION = 5.0;
				TARGETED_DEVICE_FAMILY = "1,2";
				TEST_TARGET_NAME = Grapevine;
			};
			name = Release;
		};
/* End XCBuildConfiguration section */

/* Begin XCConfigurationList section */
		8681443825FF2E6C0030B16B /* Build configuration list for PBXProject "Grapevine" */ = {
			isa = XCConfigurationList;
			buildConfigurations = (
				8681446025FF2E6D0030B16B /* Debug */,
				8681446125FF2E6D0030B16B /* Release */,
			);
			defaultConfigurationIsVisible = 0;
			defaultConfigurationName = Release;
		};
		8681446225FF2E6D0030B16B /* Build configuration list for PBXNativeTarget "Grapevine" */ = {
			isa = XCConfigurationList;
			buildConfigurations = (
				8681446325FF2E6D0030B16B /* Debug */,
				8681446425FF2E6D0030B16B /* Release */,
			);
			defaultConfigurationIsVisible = 0;
			defaultConfigurationName = Release;
		};
		8681446525FF2E6D0030B16B /* Build configuration list for PBXNativeTarget "GrapevineTests" */ = {
			isa = XCConfigurationList;
			buildConfigurations = (
				8681446625FF2E6D0030B16B /* Debug */,
				8681446725FF2E6D0030B16B /* Release */,
			);
			defaultConfigurationIsVisible = 0;
			defaultConfigurationName = Release;
		};
		8681446825FF2E6D0030B16B /* Build configuration list for PBXNativeTarget "GrapevineUITests" */ = {
			isa = XCConfigurationList;
			buildConfigurations = (
				8681446925FF2E6D0030B16B /* Debug */,
				8681446A25FF2E6D0030B16B /* Release */,
			);
			defaultConfigurationIsVisible = 0;
			defaultConfigurationName = Release;
		};
/* End XCConfigurationList section */

/* Begin XCRemoteSwiftPackageReference section */
		868144E7260049AE0030B16B /* RemoteSwiftPackageReference */ = {
			isa = XCRemoteSwiftPackageReference;
			repositoryURL = "https://github.com/SDWebImage/SDWebImageSwiftUI.git";
			requirement = {
				kind = upToNextMajorVersion;
				minimumVersion = 2.0.2;
			};
		};
/* End XCRemoteSwiftPackageReference section */

/* Begin XCSwiftPackageProductDependency section */
		868144E8260049AE0030B16B /* SwiftPackageProductDependency */ = {
			isa = XCSwiftPackageProductDependency;
			package = 868144E7260049AE0030B16B /* RemoteSwiftPackageReference */;
			productName = SDWebImageSwiftUI;
		};
/* End XCSwiftPackageProductDependency section */
	};
	rootObject = 8681443525FF2E6C0030B16B /* Project object */;
}
